
Microsoft Visual Studio Solution File, Format Version 12.00
# Visual Studio 15
VisualStudioVersion = 15.0.28307.779
MinimumVisualStudioVersion = 10.0.40219.1
Project("{FAE04EC0-301F-11D3-BF4B-00C04F79EFBC}") = "MvcBootstrapPaginationDynamic_Demo", "MvcBootstrapPaginationDynamic_Demo\MvcBootstrapPaginationDynamic_Demo.csproj", "{3C8F0887-8738-4CD8-B794-C6CB502F519A}"
EndProject
Global
	GlobalSection(SolutionConfigurationPlatforms) = preSolution
		Debug|Any CPU = Debug|Any CPU
		Release|Any CPU = Release|Any CPU
	EndGlobalSection
	GlobalSection(ProjectConfigurationPlatforms) = postSolution
		{3C8F0887-8738-4CD8-B794-C6CB502F519A}.Debug|Any CPU.ActiveCfg = Debug|Any CPU
		{3C8F0887-8738-4CD8-B794-C6CB502F519A}.Debug|Any CPU.Build.0 = Debug|Any CPU
		{3C8F0887-8738-4CD8-B794-C6CB502F519A}.Release|Any CPU.ActiveCfg = Release|Any CPU
		{3C8F0887-8738-4CD8-B794-C6CB502F519A}.Release|Any CPU.Build.0 = Release|Any CPU
	EndGlobalSection
	GlobalSection(SolutionProperties) = preSolution
		HideSolutionNode = FALSE
	EndGlobalSection
	GlobalSection(ExtensibilityGlobals) = postSolution
		SolutionGuid = {135C171B-39A2-4000-A905-F30AA627D051}
	EndGlobalSection
EndGlobal
